
Microsoft Visual Studio Solution File, Format Version 12.00
# Visual Studio 15
VisualStudioVersion = 15.0.26730.12
MinimumVisualStudioVersion = 10.0.40219.1
Project("{FAE04EC0-301F-11D3-BF4B-00C04F79EFBC}") = "Estimo.Web", "Estimo.Web\Estimo.Web.csproj", "{2BB59417-EFDB-4339-8684-563A3BC1FBA7}"
EndProject
Project("{FAE04EC0-301F-11D3-BF4B-00C04F79EFBC}") = "Estimo", "Estimo\Estimo.csproj", "{1FCDE806-AE7E-4F85-A597-989A345F41F7}"
EndProject
Project("{FAE04EC0-301F-11D3-BF4B-00C04F79EFBC}") = "Estimo.Tests", "Estimo.Tests\Estimo.Tests.csproj", "{B23EDD43-01A4-448E-A09D-FF088AC3F40C}"
EndProject
Global
	GlobalSection(SolutionConfigurationPlatforms) = preSolution
		Debug|Any CPU = Debug|Any CPU
		Release|Any CPU = Release|Any CPU
	EndGlobalSection
	GlobalSection(ProjectConfigurationPlatforms) = postSolution
		{2BB59417-EFDB-4339-8684-563A3BC1FBA7}.Debug|Any CPU.ActiveCfg = Debug|Any CPU
		{2BB59417-EFDB-4339-8684-563A3BC1FBA7}.Debug|Any CPU.Build.0 = Debug|Any CPU
		{2BB59417-EFDB-4339-8684-563A3BC1FBA7}.Release|Any CPU.ActiveCfg = Release|Any CPU
		{2BB59417-EFDB-4339-8684-563A3BC1FBA7}.Release|Any CPU.Build.0 = Release|Any CPU
		{1FCDE806-AE7E-4F85-A597-989A345F41F7}.Debug|Any CPU.ActiveCfg = Debug|Any CPU
		{1FCDE806-AE7E-4F85-A597-989A345F41F7}.Debug|Any CPU.Build.0 = Debug|Any CPU
		{1FCDE806-AE7E-4F85-A597-989A345F41F7}.Release|Any CPU.ActiveCfg = Release|Any CPU
		{1FCDE806-AE7E-4F85-A597-989A345F41F7}.Release|Any CPU.Build.0 = Release|Any CPU
		{B23EDD43-01A4-448E-A09D-FF088AC3F40C}.Debug|Any CPU.ActiveCfg = Debug|Any CPU
		{B23EDD43-01A4-448E-A09D-FF088AC3F40C}.Debug|Any CPU.Build.0 = Debug|Any CPU
		{B23EDD43-01A4-448E-A09D-FF088AC3F40C}.Release|Any CPU.ActiveCfg = Release|Any CPU
		{B23EDD43-01A4-448E-A09D-FF088AC3F40C}.Release|Any CPU.Build.0 = Release|Any CPU
	EndGlobalSection
	GlobalSection(SolutionProperties) = preSolution
		HideSolutionNode = FALSE
	EndGlobalSection
	GlobalSection(ExtensibilityGlobals) = postSolution
		SolutionGuid = {A573A85C-11DB-4EBE-8CBA-3713C08B7E43}
	EndGlobalSection
EndGlobal
